
Microsoft Visual Studio Solution File, Format Version 12.00
# Visual Studio 15
VisualStudioVersion = 15.0.28307.271
MinimumVisualStudioVersion = 10.0.40219.1
Project("{FAE04EC0-301F-11D3-BF4B-00C04F79EFBC}") = "Railgun", "Railgun\Railgun.csproj", "{AB931E78-41DF-47E7-84DA-368E216617B4}"
EndProject
Global
	GlobalSection(SolutionConfigurationPlatforms) = preSolution
		Debug|Any CPU = Debug|Any CPU
		Release|Any CPU = Release|Any CPU
	EndGlobalSection
	GlobalSection(ProjectConfigurationPlatforms) = postSolution
		{AB931E78-41DF-47E7-84DA-368E216617B4}.Debug|Any CPU.ActiveCfg = Debug|Any CPU
		{AB931E78-41DF-47E7-84DA-368E216617B4}.Debug|Any CPU.Build.0 = Debug|Any CPU
		{AB931E78-41DF-47E7-84DA-368E216617B4}.Release|Any CPU.ActiveCfg = Release|Any CPU
		{AB931E78-41DF-47E7-84DA-368E216617B4}.Release|Any CPU.Build.0 = Release|Any CPU
	EndGlobalSection
	GlobalSection(SolutionProperties) = preSolution
		HideSolutionNode = FALSE
	EndGlobalSection
	GlobalSection(ExtensibilityGlobals) = postSolution
		SolutionGuid = {ABB9B9E4-E3E0-47B4-8B10-739864D6619C}
	EndGlobalSection
EndGlobal
